
Microsoft Visual Studio Solution File, Format Version 12.00
# Visual Studio 15
VisualStudioVersion = 15.0.28307.489
MinimumVisualStudioVersion = 10.0.40219.1
Project("{FAE04EC0-301F-11D3-BF4B-00C04F79EFBC}") = "TheDeanHelpers", "TheDeanHelpers\TheDeanHelpers.csproj", "{A2A6356A-92C0-42F1-ABE3-1A9480FA94E4}"
EndProject
Global
	GlobalSection(SolutionConfigurationPlatforms) = preSolution
		Debug|Any CPU = Debug|Any CPU
		Release|Any CPU = Release|Any CPU
	EndGlobalSection
	GlobalSection(ProjectConfigurationPlatforms) = postSolution
		{A2A6356A-92C0-42F1-ABE3-1A9480FA94E4}.Debug|Any CPU.ActiveCfg = Debug|Any CPU
		{A2A6356A-92C0-42F1-ABE3-1A9480FA94E4}.Debug|Any CPU.Build.0 = Debug|Any CPU
		{A2A6356A-92C0-42F1-ABE3-1A9480FA94E4}.Release|Any CPU.ActiveCfg = Release|Any CPU
		{A2A6356A-92C0-42F1-ABE3-1A9480FA94E4}.Release|Any CPU.Build.0 = Release|Any CPU
	EndGlobalSection
	GlobalSection(SolutionProperties) = preSolution
		HideSolutionNode = FALSE
	EndGlobalSection
	GlobalSection(ExtensibilityGlobals) = postSolution
		SolutionGuid = {DE6F25D4-9B15-40DE-AEE4-BDBF6CBC864C}
	EndGlobalSection
EndGlobal
